
Microsoft Visual Studio Solution File, Format Version 12.00
# Visual Studio Version 17
VisualStudioVersion = 17.11.35222.181
MinimumVisualStudioVersion = 10.0.40219.1
Project("{FAE04EC0-301F-11D3-BF4B-00C04F79EFBC}") = "The OOP Hotell", "The OOP Hotell.csproj", "{4C0C68C2-9EAD-4AD3-BFFC-3625F8AA2D9E}"
EndProject
Global
	GlobalSection(SolutionConfigurationPlatforms) = preSolution
		Debug|Any CPU = Debug|Any CPU
		Release|Any CPU = Release|Any CPU
	EndGlobalSection
	GlobalSection(ProjectConfigurationPlatforms) = postSolution
		{4C0C68C2-9EAD-4AD3-BFFC-3625F8AA2D9E}.Debug|Any CPU.ActiveCfg = Debug|Any CPU
		{4C0C68C2-9EAD-4AD3-BFFC-3625F8AA2D9E}.Debug|Any CPU.Build.0 = Debug|Any CPU
		{4C0C68C2-9EAD-4AD3-BFFC-3625F8AA2D9E}.Release|Any CPU.ActiveCfg = Release|Any CPU
		{4C0C68C2-9EAD-4AD3-BFFC-3625F8AA2D9E}.Release|Any CPU.Build.0 = Release|Any CPU
	EndGlobalSection
	GlobalSection(SolutionProperties) = preSolution
		HideSolutionNode = FALSE
	EndGlobalSection
	GlobalSection(ExtensibilityGlobals) = postSolution
		SolutionGuid = {A4438437-938C-44B7-9185-1964682AA5C3}
	EndGlobalSection
EndGlobal
